
Microsoft Visual Studio Solution File, Format Version 12.00
# Visual Studio Version 16
VisualStudioVersion = 16.0.30517.126
MinimumVisualStudioVersion = 10.0.40219.1
Project("{FAE04EC0-301F-11D3-BF4B-00C04F79EFBC}") = "SudokuSolver", "SudokuSolver\SudokuSolver.csproj", "{AA097C96-B224-4143-AB46-B4313F407B2E}"
EndProject
Global
	GlobalSection(SolutionConfigurationPlatforms) = preSolution
		Debug|Any CPU = Debug|Any CPU
		Release|Any CPU = Release|Any CPU
	EndGlobalSection
	GlobalSection(ProjectConfigurationPlatforms) = postSolution
		{AA097C96-B224-4143-AB46-B4313F407B2E}.Debug|Any CPU.ActiveCfg = Debug|Any CPU
		{AA097C96-B224-4143-AB46-B4313F407B2E}.Debug|Any CPU.Build.0 = Debug|Any CPU
		{AA097C96-B224-4143-AB46-B4313F407B2E}.Release|Any CPU.ActiveCfg = Release|Any CPU
		{AA097C96-B224-4143-AB46-B4313F407B2E}.Release|Any CPU.Build.0 = Release|Any CPU
	EndGlobalSection
	GlobalSection(SolutionProperties) = preSolution
		HideSolutionNode = FALSE
	EndGlobalSection
	GlobalSection(ExtensibilityGlobals) = postSolution
		SolutionGuid = {0703EAF4-38F5-4EDC-9FE2-F2618C677723}
	EndGlobalSection
EndGlobal
